// !$*UTF8*$!
{
	archiveVersion = 1;
	classes = {
	};
	objectVersion = 56;
	objects = {

/* Begin PBXBuildFile section */
		465C62662C01223F00B497E3 /* AppDelegate.swift in Sources */ = {isa = PBXBuildFile; fileRef = 465C62652C01223F00B497E3 /* AppDelegate.swift */; };
		465C62682C01223F00B497E3 /* SceneDelegate.swift in Sources */ = {isa = PBXBuildFile; fileRef = 465C62672C01223F00B497E3 /* SceneDelegate.swift */; };
		465C626A2C01223F00B497E3 /* ViewController.swift in Sources */ = {isa = PBXBuildFile; fileRef = 465C62692C01223F00B497E3 /* ViewController.swift */; };
		465C626D2C01223F00B497E3 /* Base in Resources */ = {isa = PBXBuildFile; fileRef = 465C626C2C01223F00B497E3 /* Base */; };
		465C626F2C01224100B497E3 /* Assets.xcassets in Resources */ = {isa = PBXBuildFile; fileRef = 465C626E2C01224100B497E3 /* Assets.xcassets */; };
		465C62722C01224100B497E3 /* Base in Resources */ = {isa = PBXBuildFile; fileRef = 465C62712C01224100B497E3 /* Base */; };
		465C627D2C01224100B497E3 /* DigioStoreTestTests.swift in Sources */ = {isa = PBXBuildFile; fileRef = 465C627C2C01224100B497E3 /* DigioStoreTestTests.swift */; };
		465C62872C01224100B497E3 /* DigioStoreTestUITests.swift in Sources */ = {isa = PBXBuildFile; fileRef = 465C62862C01224100B497E3 /* DigioStoreTestUITests.swift */; };
		465C62892C01224100B497E3 /* DigioStoreTestUITestsLaunchTests.swift in Sources */ = {isa = PBXBuildFile; fileRef = 465C62882C01224100B497E3 /* DigioStoreTestUITestsLaunchTests.swift */; };
/* End PBXBuildFile section */

/* Begin PBXContainerItemProxy section */
		465C62792C01224100B497E3 /* PBXContainerItemProxy */ = {
			isa = PBXContainerItemProxy;
			containerPortal = 465C625A2C01223F00B497E3 /* Project object */;
			proxyType = 1;
			remoteGlobalIDString = 465C62612C01223F00B497E3;
			remoteInfo = DigioStoreTest;
		};
		465C62832C01224100B497E3 /* PBXContainerItemProxy */ = {
			isa = PBXContainerItemProxy;
			containerPortal = 465C625A2C01223F00B497E3 /* Project object */;
			proxyType = 1;
			remoteGlobalIDString = 465C62612C01223F00B497E3;
			remoteInfo = DigioStoreTest;
		};
/* End PBXContainerItemProxy section */

/* Begin PBXFileReference section */
		465C62622C01223F00B497E3 /* DigioStoreTest.app */ = {isa = PBXFileReference; explicitFileType = wrapper.application; includeInIndex = 0; path = DigioStoreTest.app; sourceTree = BUILT_PRODUCTS_DIR; };
		465C62652C01223F00B497E3 /* AppDelegate.swift */ = {isa = PBXFileReference; lastKnownFileType = sourcecode.swift; path = AppDelegate.swift; sourceTree = "<group>"; };
		465C62672C01223F00B497E3 /* SceneDelegate.swift */ = {isa = PBXFileReference; lastKnownFileType = sourcecode.swift; path = SceneDelegate.swift; sourceTree = "<group>"; };
		465C62692C01223F00B497E3 /* ViewController.swift */ = {isa = PBXFileReference; lastKnownFileType = sourcecode.swift; path = ViewController.swift; sourceTree = "<group>"; };
		465C626C2C01223F00B497E3 /* Base */ = {isa = PBXFileReference; lastKnownFileType = file.storyboard; name = Base; path = Base.lproj/Main.storyboard; sourceTree = "<group>"; };
		465C626E2C01224100B497E3 /* Assets.xcassets */ = {isa = PBXFileReference; lastKnownFileType = folder.assetcatalog; path = Assets.xcassets; sourceTree = "<group>"; };
		465C62712C01224100B497E3 /* Base */ = {isa = PBXFileReference; lastKnownFileType = file.storyboard; name = Base; path = Base.lproj/LaunchScreen.storyboard; sourceTree = "<group>"; };
		465C62732C01224100B497E3 /* Info.plist */ = {isa = PBXFileReference; lastKnownFileType = text.plist.xml; path = Info.plist; sourceTree = "<group>"; };
		465C62782C01224100B497E3 /* DigioStoreTestTests.xctest */ = {isa = PBXFileReference; explicitFileType = wrapper.cfbundle; includeInIndex = 0; path = DigioStoreTestTests.xctest; sourceTree = BUILT_PRODUCTS_DIR; };
		465C627C2C01224100B497E3 /* DigioStoreTestTests.swift */ = {isa = PBXFileReference; lastKnownFileType = sourcecode.swift; path = DigioStoreTestTests.swift; sourceTree = "<group>"; };
		465C62822C01224100B497E3 /* DigioStoreTestUITests.xctest */ = {isa = PBXFileReference; explicitFileType = wrapper.cfbundle; includeInIndex = 0; path = DigioStoreTestUITests.xctest; sourceTree = BUILT_PRODUCTS_DIR; };
		465C62862C01224100B497E3 /* DigioStoreTestUITests.swift */ = {isa = PBXFileReference; lastKnownFileType = sourcecode.swift; path = DigioStoreTestUITests.swift; sourceTree = "<group>"; };
		465C62882C01224100B497E3 /* DigioStoreTestUITestsLaunchTests.swift */ = {isa = PBXFileReference; lastKnownFileType = sourcecode.swift; path = DigioStoreTestUITestsLaunchTests.swift; sourceTree = "<group>"; };
/* End PBXFileReference section */

/* Begin PBXFrameworksBuildPhase section */
		465C625F2C01223F00B497E3 /* Frameworks */ = {
			isa = PBXFrameworksBuildPhase;
			buildActionMask = 2147483647;
			files = (
			);
			runOnlyForDeploymentPostprocessing = 0;
		};
		465C62752C01224100B497E3 /* Frameworks */ = {
			isa = PBXFrameworksBuildPhase;
			buildActionMask = 2147483647;
			files = (
			);
			runOnlyForDeploymentPostprocessing = 0;
		};
		465C627F2C01224100B497E3 /* Frameworks */ = {
			isa = PBXFrameworksBuildPhase;
			buildActionMask = 2147483647;
			files = (
			);
			runOnlyForDeploymentPostprocessing = 0;
		};
/* End PBXFrameworksBuildPhase section */

/* Begin PBXGroup section */
		465C62592C01223F00B497E3 = {
			isa = PBXGroup;
			children = (
				465C62642C01223F00B497E3 /* DigioStoreTest */,
				465C627B2C01224100B497E3 /* DigioStoreTestTests */,
				465C62852C01224100B497E3 /* DigioStoreTestUITests */,
				465C62632C01223F00B497E3 /* Products */,
			);
			sourceTree = "<group>";
		};
		465C62632C01223F00B497E3 /* Products */ = {
			isa = PBXGroup;
			children = (
				465C62622C01223F00B497E3 /* DigioStoreTest.app */,
				465C62782C01224100B497E3 /* DigioStoreTestTests.xctest */,
				465C62822C01224100B497E3 /* DigioStoreTestUITests.xctest */,
			);
			name = Products;
			sourceTree = "<group>";
		};
		465C62642C01223F00B497E3 /* DigioStoreTest */ = {
			isa = PBXGroup;
			children = (
				465C62652C01223F00B497E3 /* AppDelegate.swift */,
				465C62672C01223F00B497E3 /* SceneDelegate.swift */,
				465C62692C01223F00B497E3 /* ViewController.swift */,
				465C626B2C01223F00B497E3 /* Main.storyboard */,
				465C626E2C01224100B497E3 /* Assets.xcassets */,
				465C62702C01224100B497E3 /* LaunchScreen.storyboard */,
				465C62732C01224100B497E3 /* Info.plist */,
			);
			path = DigioStoreTest;
			sourceTree = "<group>";
		};
		465C627B2C01224100B497E3 /* DigioStoreTestTests */ = {
			isa = PBXGroup;
			children = (
				465C627C2C01224100B497E3 /* DigioStoreTestTests.swift */,
			);
			path = DigioStoreTestTests;
			sourceTree = "<group>";
		};
		465C62852C01224100B497E3 /* DigioStoreTestUITests */ = {
			isa = PBXGroup;
			children = (
				465C62862C01224100B497E3 /* DigioStoreTestUITests.swift */,
				465C62882C01224100B497E3 /* DigioStoreTestUITestsLaunchTests.swift */,
			);
			path = DigioStoreTestUITests;
			sourceTree = "<group>";
		};
/* End PBXGroup section */

/* Begin PBXNativeTarget section */
		465C62612C01223F00B497E3 /* DigioStoreTest */ = {
			isa = PBXNativeTarget;
			buildConfigurationList = 465C628C2C01224100B497E3 /* Build configuration list for PBXNativeTarget "DigioStoreTest" */;
			buildPhases = (
				465C625E2C01223F00B497E3 /* Sources */,
				465C625F2C01223F00B497E3 /* Frameworks */,
				465C62602C01223F00B497E3 /* Resources */,
			);
			buildRules = (
			);
			dependencies = (
			);
			name = DigioStoreTest;
			productName = DigioStoreTest;
			productReference = 465C62622C01223F00B497E3 /* DigioStoreTest.app */;
			productType = "com.apple.product-type.application";
		};
		465C62772C01224100B497E3 /* DigioStoreTestTests */ = {
			isa = PBXNativeTarget;
			buildConfigurationList = 465C628F2C01224100B497E3 /* Build configuration list for PBXNativeTarget "DigioStoreTestTests" */;
			buildPhases = (
				465C62742C01224100B497E3 /* Sources */,
				465C62752C01224100B497E3 /* Frameworks */,
				465C62762C01224100B497E3 /* Resources */,
			);
			buildRules = (
			);
			dependencies = (
				465C627A2C01224100B497E3 /* PBXTargetDependency */,
			);
			name = DigioStoreTestTests;
			productName = DigioStoreTestTests;
			productReference = 465C62782C01224100B497E3 /* DigioStoreTestTests.xctest */;
			productType = "com.apple.product-type.bundle.unit-test";
		};
		465C62812C01224100B497E3 /* DigioStoreTestUITests */ = {
			isa = PBXNativeTarget;
			buildConfigurationList = 465C62922C01224100B497E3 /* Build configuration list for PBXNativeTarget "DigioStoreTestUITests" */;
			buildPhases = (
				465C627E2C01224100B497E3 /* Sources */,
				465C627F2C01224100B497E3 /* Frameworks */,
				465C62802C01224100B497E3 /* Resources */,
			);
			buildRules = (
			);
			dependencies = (
				465C62842C01224100B497E3 /* PBXTargetDependency */,
			);
			name = DigioStoreTestUITests;
			productName = DigioStoreTestUITests;
			productReference = 465C62822C01224100B497E3 /* DigioStoreTestUITests.xctest */;
			productType = "com.apple.product-type.bundle.ui-testing";
		};
/* End PBXNativeTarget section */

/* Begin PBXProject section */
		465C625A2C01223F00B497E3 /* Project object */ = {
			isa = PBXProject;
			attributes = {
				BuildIndependentTargetsInParallel = 1;
				LastSwiftUpdateCheck = 1540;
				LastUpgradeCheck = 1540;
				TargetAttributes = {
					465C62612C01223F00B497E3 = {
						CreatedOnToolsVersion = 15.4;
					};
					465C62772C01224100B497E3 = {
						CreatedOnToolsVersion = 15.4;
						TestTargetID = 465C62612C01223F00B497E3;
					};
					465C62812C01224100B497E3 = {
						CreatedOnToolsVersion = 15.4;
						TestTargetID = 465C62612C01223F00B497E3;
					};
				};
			};
			buildConfigurationList = 465C625D2C01223F00B497E3 /* Build configuration list for PBXProject "DigioStoreTest" */;
			compatibilityVersion = "Xcode 14.0";
			developmentRegion = en;
			hasScannedForEncodings = 0;
			knownRegions = (
				en,
				Base,
			);
			mainGroup = 465C62592C01223F00B497E3;
			productRefGroup = 465C62632C01223F00B497E3 /* Products */;
			projectDirPath = "";
			projectRoot = "";
			targets = (
				465C62612C01223F00B497E3 /* DigioStoreTest */,
				465C62772C01224100B497E3 /* DigioStoreTestTests */,
				465C62812C01224100B497E3 /* DigioStoreTestUITests */,
			);
		};
/* End PBXProject section */

/* Begin PBXResourcesBuildPhase section */
		465C62602C01223F00B497E3 /* Resources */ = {
			isa = PBXResourcesBuildPhase;
			buildActionMask = 2147483647;
			files = (
				465C626F2C01224100B497E3 /* Assets.xcassets in Resources */,
				465C62722C01224100B497E3 /* Base in Resources */,
				465C626D2C01223F00B497E3 /* Base in Resources */,
			);
			runOnlyForDeploymentPostprocessing = 0;
		};
		465C62762C01224100B497E3 /* Resources */ = {
			isa = PBXResourcesBuildPhase;
			buildActionMask = 2147483647;
			files = (
			);
			runOnlyForDeploymentPostprocessing = 0;
		};
		465C62802C01224100B497E3 /* Resources */ = {
			isa = PBXResourcesBuildPhase;
			buildActionMask = 2147483647;
			files = (
			);
			runOnlyForDeploymentPostprocessing = 0;
		};
/* End PBXResourcesBuildPhase section */

/* Begin PBXSourcesBuildPhase section */
		465C625E2C01223F00B497E3 /* Sources */ = {
			isa = PBXSourcesBuildPhase;
			buildActionMask = 2147483647;
			files = (
				465C626A2C01223F00B497E3 /* ViewController.swift in Sources */,
				465C62662C01223F00B497E3 /* AppDelegate.swift in Sources */,
				465C62682C01223F00B497E3 /* SceneDelegate.swift in Sources */,
			);
			runOnlyForDeploymentPostprocessing = 0;
		};
		465C62742C01224100B497E3 /* Sources */ = {
			isa = PBXSourcesBuildPhase;
			buildActionMask = 2147483647;
			files = (
				465C627D2C01224100B497E3 /* DigioStoreTestTests.swift in Sources */,
			);
			runOnlyForDeploymentPostprocessing = 0;
		};
		465C627E2C01224100B497E3 /* Sources */ = {
			isa = PBXSourcesBuildPhase;
			buildActionMask = 2147483647;
			files = (
				465C62872C01224100B497E3 /* DigioStoreTestUITests.swift in Sources */,
				465C62892C01224100B497E3 /* DigioStoreTestUITestsLaunchTests.swift in Sources */,
			);
			runOnlyForDeploymentPostprocessing = 0;
		};
/* End PBXSourcesBuildPhase section */

/* Begin PBXTargetDependency section */
		465C627A2C01224100B497E3 /* PBXTargetDependency */ = {
			isa = PBXTargetDependency;
			target = 465C62612C01223F00B497E3 /* DigioStoreTest */;
			targetProxy = 465C62792C01224100B497E3 /* PBXContainerItemProxy */;
		};
		465C62842C01224100B497E3 /* PBXTargetDependency */ = {
			isa = PBXTargetDependency;
			target = 465C62612C01223F00B497E3 /* DigioStoreTest */;
			targetProxy = 465C62832C01224100B497E3 /* PBXContainerItemProxy */;
		};
/* End PBXTargetDependency section */

/* Begin PBXVariantGroup section */
		465C626B2C01223F00B497E3 /* Main.storyboard */ = {
			isa = PBXVariantGroup;
			children = (
				465C626C2C01223F00B497E3 /* Base */,
			);
			name = Main.storyboard;
			sourceTree = "<group>";
		};
		465C62702C01224100B497E3 /* LaunchScreen.storyboard */ = {
			isa = PBXVariantGroup;
			children = (
				465C62712C01224100B497E3 /* Base */,
			);
			name = LaunchScreen.storyboard;
			sourceTree = "<group>";
		};
/* End PBXVariantGroup section */

/* Begin XCBuildConfiguration section */
		465C628A2C01224100B497E3 /* Debug */ = {
			isa = XCBuildConfiguration;
			buildSettings = {
				ALWAYS_SEARCH_USER_PATHS = NO;
				ASSETCATALOG_COMPILER_GENERATE_SWIFT_ASSET_SYMBOL_EXTENSIONS = YES;
				CLANG_ANALYZER_NONNULL = YES;
				CLANG_ANALYZER_NUMBER_OBJECT_CONVERSION = YES_AGGRESSIVE;
				CLANG_CXX_LANGUAGE_STANDARD = "gnu++20";
				CLANG_ENABLE_MODULES = YES;
				CLANG_ENABLE_OBJC_ARC = YES;
				CLANG_ENABLE_OBJC_WEAK = YES;
				CLANG_WARN_BLOCK_CAPTURE_AUTORELEASING = YES;
				CLANG_WARN_BOOL_CONVERSION = YES;
				CLANG_WARN_COMMA = YES;
				CLANG_WARN_CONSTANT_CONVERSION = YES;
				CLANG_WARN_DEPRECATED_OBJC_IMPLEMENTATIONS = YES;
				CLANG_WARN_DIRECT_OBJC_ISA_USAGE = YES_ERROR;
				CLANG_WARN_DOCUMENTATION_COMMENTS = YES;
				CLANG_WARN_EMPTY_BODY = YES;
				CLANG_WARN_ENUM_CONVERSION = YES;
				CLANG_WARN_INFINITE_RECURSION = YES;
				CLANG_WARN_INT_CONVERSION = YES;
				CLANG_WARN_NON_LITERAL_NULL_CONVERSION = YES;
				CLANG_WARN_OBJC_IMPLICIT_RETAIN_SELF = YES;
				CLANG_WARN_OBJC_LITERAL_CONVERSION = YES;
				CLANG_WARN_OBJC_ROOT_CLASS = YES_ERROR;
				CLANG_WARN_QUOTED_INCLUDE_IN_FRAMEWORK_HEADER = YES;
				CLANG_WARN_RANGE_LOOP_ANALYSIS = YES;
				CLANG_WARN_STRICT_PROTOTYPES = YES;
				CLANG_WARN_SUSPICIOUS_MOVE = YES;
				CLANG_WARN_UNGUARDED_AVAILABILITY = YES_AGGRESSIVE;
				CLANG_WARN_UNREACHABLE_CODE = YES;
				CLANG_WARN__DUPLICATE_METHOD_MATCH = YES;
				COPY_PHASE_STRIP = NO;
				DEBUG_INFORMATION_FORMAT = dwarf;
				ENABLE_STRICT_OBJC_MSGSEND = YES;
				ENABLE_TESTABILITY = YES;
				ENABLE_USER_SCRIPT_SANDBOXING = YES;
				GCC_C_LANGUAGE_STANDARD = gnu17;
				GCC_DYNAMIC_NO_PIC = NO;
				GCC_NO_COMMON_BLOCKS = YES;
				GCC_OPTIMIZATION_LEVEL = 0;
				GCC_PREPROCESSOR_DEFINITIONS = (
					"DEBUG=1",
					"$(inherited)",
				);
				GCC_WARN_64_TO_32_BIT_CONVERSION = YES;
				GCC_WARN_ABOUT_RETURN_TYPE = YES_ERROR;
				GCC_WARN_UNDECLARED_SELECTOR = YES;
				GCC_WARN_UNINITIALIZED_AUTOS = YES_AGGRESSIVE;
				GCC_WARN_UNUSED_FUNCTION = YES;
				GCC_WARN_UNUSED_VARIABLE = YES;
				IPHONEOS_DEPLOYMENT_TARGET = 17.5;
				LOCALIZATION_PREFERS_STRING_CATALOGS = YES;
				MTL_ENABLE_DEBUG_INFO = INCLUDE_SOURCE;
				MTL_FAST_MATH = YES;
				ONLY_ACTIVE_ARCH = YES;
				SDKROOT = iphoneos;
				SWIFT_ACTIVE_COMPILATION_CONDITIONS = "DEBUG $(inherited)";
				SWIFT_OPTIMIZATION_LEVEL = "-Onone";
			};
			name = Debug;
		};
		465C628B2C01224100B497E3 /* Release */ = {
			isa = XCBuildConfiguration;
			buildSettings = {
				ALWAYS_SEARCH_USER_PATHS = NO;
				ASSETCATALOG_COMPILER_GENERATE_SWIFT_ASSET_SYMBOL_EXTENSIONS = YES;
				CLANG_ANALYZER_NONNULL = YES;
				CLANG_ANALYZER_NUMBER_OBJECT_CONVERSION = YES_AGGRESSIVE;
				CLANG_CXX_LANGUAGE_STANDARD = "gnu++20";
				CLANG_ENABLE_MODULES = YES;
				CLANG_ENABLE_OBJC_ARC = YES;
				CLANG_ENABLE_OBJC_WEAK = YES;
				CLANG_WARN_BLOCK_CAPTURE_AUTORELEASING = YES;
				CLANG_WARN_BOOL_CONVERSION = YES;
				CLANG_WARN_COMMA = YES;
				CLANG_WARN_CONSTANT_CONVERSION = YES;
				CLANG_WARN_DEPRECATED_OBJC_IMPLEMENTATIONS = YES;
				CLANG_WARN_DIRECT_OBJC_ISA_USAGE = YES_ERROR;
				CLANG_WARN_DOCUMENTATION_COMMENTS = YES;
				CLANG_WARN_EMPTY_BODY = YES;
				CLANG_WARN_ENUM_CONVERSION = YES;
				CLANG_WARN_INFINITE_RECURSION = YES;
				CLANG_WARN_INT_CONVERSION = YES;
				CLANG_WARN_NON_LITERAL_NULL_CONVERSION = YES;
				CLANG_WARN_OBJC_IMPLICIT_RETAIN_SELF = YES;
				CLANG_WARN_OBJC_LITERAL_CONVERSION = YES;
				CLANG_WARN_OBJC_ROOT_CLASS = YES_ERROR;
				CLANG_WARN_QUOTED_INCLUDE_IN_FRAMEWORK_HEADER = YES;
				CLANG_WARN_RANGE_LOOP_ANALYSIS = YES;
				CLANG_WARN_STRICT_PROTOTYPES = YES;
				CLANG_WARN_SUSPICIOUS_MOVE = YES;
				CLANG_WARN_UNGUARDED_AVAILABILITY = YES_AGGRESSIVE;
				CLANG_WARN_UNREACHABLE_CODE = YES;
				CLANG_WARN__DUPLICATE_METHOD_MATCH = YES;
				COPY_PHASE_STRIP = NO;
				DEBUG_INFORMATION_FORMAT = "dwarf-with-dsym";
				ENABLE_NS_ASSERTIONS = NO;
				ENABLE_STRICT_OBJC_MSGSEND = YES;
				ENABLE_USER_SCRIPT_SANDBOXING = YES;
				GCC_C_LANGUAGE_STANDARD = gnu17;
				GCC_NO_COMMON_BLOCKS = YES;
				GCC_WARN_64_TO_32_BIT_CONVERSION = YES;
				GCC_WARN_ABOUT_RETURN_TYPE = YES_ERROR;
				GCC_WARN_UNDECLARED_SELECTOR = YES;
				GCC_WARN_UNINITIALIZED_AUTOS = YES_AGGRESSIVE;
				GCC_WARN_UNUSED_FUNCTION = YES;
				GCC_WARN_UNUSED_VARIABLE = YES;
				IPHONEOS_DEPLOYMENT_TARGET = 17.5;
				LOCALIZATION_PREFERS_STRING_CATALOGS = YES;
				MTL_ENABLE_DEBUG_INFO = NO;
				MTL_FAST_MATH = YES;
				SDKROOT = iphoneos;
				SWIFT_COMPILATION_MODE = wholemodule;
				VALIDATE_PRODUCT = YES;
			};
			name = Release;
		};
		465C628D2C01224100B497E3 /* Debug */ = {
			isa = XCBuildConfiguration;
			buildSettings = {
				ASSETCATALOG_COMPILER_APPICON_NAME = AppIcon;
				ASSETCATALOG_COMPILER_GLOBAL_ACCENT_COLOR_NAME = AccentColor;
				CODE_SIGN_STYLE = Automatic;
				CURRENT_PROJECT_VERSION = 1;
				DEVELOPMENT_TEAM = 6R4846NX8V;
				GENERATE_INFOPLIST_FILE = YES;
				INFOPLIST_FILE = DigioStoreTest/Info.plist;
				INFOPLIST_KEY_UIApplicationSupportsIndirectInputEvents = YES;
				INFOPLIST_KEY_UILaunchStoryboardName = LaunchScreen;
				INFOPLIST_KEY_UIMainStoryboardFile = Main;
				INFOPLIST_KEY_UISupportedInterfaceOrientations_iPad = "UIInterfaceOrientationPortrait UIInterfaceOrientationPortraitUpsideDown UIInterfaceOrientationLandscapeLeft UIInterfaceOrientationLandscapeRight";
				INFOPLIST_KEY_UISupportedInterfaceOrientations_iPhone = "UIInterfaceOrientationPortrait UIInterfaceOrientationLandscapeLeft UIInterfaceOrientationLandscapeRight";
				LD_RUNPATH_SEARCH_PATHS = (
					"$(inherited)",
					"@executable_path/Frameworks",
				);
				MARKETING_VERSION = 1.0;
				PRODUCT_BUNDLE_IDENTIFIER = br.com.frbentes.DigioStoreTest;
				PRODUCT_NAME = "$(TARGET_NAME)";
				SWIFT_EMIT_LOC_STRINGS = YES;
				SWIFT_VERSION = 5.0;
				TARGETED_DEVICE_FAMILY = "1,2";
			};
			name = Debug;
		};
		465C628E2C01224100B497E3 /* Release */ = {
			isa = XCBuildConfiguration;
			buildSettings = {
				ASSETCATALOG_COMPILER_APPICON_NAME = AppIcon;
				ASSETCATALOG_COMPILER_GLOBAL_ACCENT_COLOR_NAME = AccentColor;
				CODE_SIGN_STYLE = Automatic;
				CURRENT_PROJECT_VERSION = 1;
				DEVELOPMENT_TEAM = 6R4846NX8V;
				GENERATE_INFOPLIST_FILE = YES;
				INFOPLIST_FILE = DigioStoreTest/Info.plist;
				INFOPLIST_KEY_UIApplicationSupportsIndirectInputEvents = YES;
				INFOPLIST_KEY_UILaunchStoryboardName = LaunchScreen;
				INFOPLIST_KEY_UIMainStoryboardFile = Main;
				INFOPLIST_KEY_UISupportedInterfaceOrientations_iPad = "UIInterfaceOrientationPortrait UIInterfaceOrientationPortraitUpsideDown UIInterfaceOrientationLandscapeLeft UIInterfaceOrientationLandscapeRight";
				INFOPLIST_KEY_UISupportedInterfaceOrientations_iPhone = "UIInterfaceOrientationPortrait UIInterfaceOrientationLandscapeLeft UIInterfaceOrientationLandscapeRight";
				LD_RUNPATH_SEARCH_PATHS = (
					"$(inherited)",
					"@executable_path/Frameworks",
				);
				MARKETING_VERSION = 1.0;
				PRODUCT_BUNDLE_IDENTIFIER = br.com.frbentes.DigioStoreTest;
				PRODUCT_NAME = "$(TARGET_NAME)";
				SWIFT_EMIT_LOC_STRINGS = YES;
				SWIFT_VERSION = 5.0;
				TARGETED_DEVICE_FAMILY = "1,2";
			};
			name = Release;
		};
		465C62902C01224100B497E3 /* Debug */ = {
			isa = XCBuildConfiguration;
			buildSettings = {
				ALWAYS_EMBED_SWIFT_STANDARD_LIBRARIES = YES;
				BUNDLE_LOADER = "$(TEST_HOST)";
				CODE_SIGN_STYLE = Automatic;
				CURRENT_PROJECT_VERSION = 1;
				DEVELOPMENT_TEAM = 6R4846NX8V;
				GENERATE_INFOPLIST_FILE = YES;
				IPHONEOS_DEPLOYMENT_TARGET = 17.5;
				MARKETING_VERSION = 1.0;
				PRODUCT_BUNDLE_IDENTIFIER = br.com.frbentes.DigioStoreTestTests;
				PRODUCT_NAME = "$(TARGET_NAME)";
				SWIFT_EMIT_LOC_STRINGS = NO;
				SWIFT_VERSION = 5.0;
				TARGETED_DEVICE_FAMILY = "1,2";
				TEST_HOST = "$(BUILT_PRODUCTS_DIR)/DigioStoreTest.app/$(BUNDLE_EXECUTABLE_FOLDER_PATH)/DigioStoreTest";
			};
			name = Debug;
		};
		465C62912C01224100B497E3 /* Release */ = {
			isa = XCBuildConfiguration;
			buildSettings = {
				ALWAYS_EMBED_SWIFT_STANDARD_LIBRARIES = YES;
				BUNDLE_LOADER = "$(TEST_HOST)";
				CODE_SIGN_STYLE = Automatic;
				CURRENT_PROJECT_VERSION = 1;
				DEVELOPMENT_TEAM = 6R4846NX8V;
				GENERATE_INFOPLIST_FILE = YES;
				IPHONEOS_DEPLOYMENT_TARGET = 17.5;
				MARKETING_VERSION = 1.0;
				PRODUCT_BUNDLE_IDENTIFIER = br.com.frbentes.DigioStoreTestTests;
				PRODUCT_NAME = "$(TARGET_NAME)";
				SWIFT_EMIT_LOC_STRINGS = NO;
				SWIFT_VERSION = 5.0;
				TARGETED_DEVICE_FAMILY = "1,2";
				TEST_HOST = "$(BUILT_PRODUCTS_DIR)/DigioStoreTest.app/$(BUNDLE_EXECUTABLE_FOLDER_PATH)/DigioStoreTest";
			};
			name = Release;
		};
		465C62932C01224100B497E3 /* Debug */ = {
			isa = XCBuildConfiguration;
			buildSettings = {
				ALWAYS_EMBED_SWIFT_STANDARD_LIBRARIES = YES;
				CODE_SIGN_STYLE = Automatic;
				CURRENT_PROJECT_VERSION = 1;
				DEVELOPMENT_TEAM = 6R4846NX8V;
				GENERATE_INFOPLIST_FILE = YES;
				MARKETING_VERSION = 1.0;
				PRODUCT_BUNDLE_IDENTIFIER = br.com.frbentes.DigioStoreTestUITests;
				PRODUCT_NAME = "$(TARGET_NAME)";
				SWIFT_EMIT_LOC_STRINGS = NO;
				SWIFT_VERSION = 5.0;
				TARGETED_DEVICE_FAMILY = "1,2";
				TEST_TARGET_NAME = DigioStoreTest;
			};
			name = Debug;
		};
		465C62942C01224100B497E3 /* Release */ = {
			isa = XCBuildConfiguration;
			buildSettings = {
				ALWAYS_EMBED_SWIFT_STANDARD_LIBRARIES = YES;
				CODE_SIGN_STYLE = Automatic;
				CURRENT_PROJECT_VERSION = 1;
				DEVELOPMENT_TEAM = 6R4846NX8V;
				GENERATE_INFOPLIST_FILE = YES;
				MARKETING_VERSION = 1.0;
				PRODUCT_BUNDLE_IDENTIFIER = br.com.frbentes.DigioStoreTestUITests;
				PRODUCT_NAME = "$(TARGET_NAME)";
				SWIFT_EMIT_LOC_STRINGS = NO;
				SWIFT_VERSION = 5.0;
				TARGETED_DEVICE_FAMILY = "1,2";
				TEST_TARGET_NAME = DigioStoreTest;
			};
			name = Release;
		};
/* End XCBuildConfiguration section */

/* Begin XCConfigurationList section */
		465C625D2C01223F00B497E3 /* Build configuration list for PBXProject "DigioStoreTest" */ = {
			isa = XCConfigurationList;
			buildConfigurations = (
				465C628A2C01224100B497E3 /* Debug */,
				465C628B2C01224100B497E3 /* Release */,
			);
			defaultConfigurationIsVisible = 0;
			defaultConfigurationName = Release;
		};
		465C628C2C01224100B497E3 /* Build configuration list for PBXNativeTarget "DigioStoreTest" */ = {
			isa = XCConfigurationList;
			buildConfigurations = (
				465C628D2C01224100B497E3 /* Debug */,
				465C628E2C01224100B497E3 /* Release */,
			);
			defaultConfigurationIsVisible = 0;
			defaultConfigurationName = Release;
		};
		465C628F2C01224100B497E3 /* Build configuration list for PBXNativeTarget "DigioStoreTestTests" */ = {
			isa = XCConfigurationList;
			buildConfigurations = (
				465C62902C01224100B497E3 /* Debug */,
				465C62912C01224100B497E3 /* Release */,
			);
			defaultConfigurationIsVisible = 0;
			defaultConfigurationName = Release;
		};
		465C62922C01224100B497E3 /* Build configuration list for PBXNativeTarget "DigioStoreTestUITests" */ = {
			isa = XCConfigurationList;
			buildConfigurations = (
				465C62932C01224100B497E3 /* Debug */,
				465C62942C01224100B497E3 /* Release */,
			);
			defaultConfigurationIsVisible = 0;
			defaultConfigurationName = Release;
		};
/* End XCConfigurationList section */
	};
	rootObject = 465C625A2C01223F00B497E3 /* Project object */;
}
